{
  "name": "hello",
  "version": "1.0.0",
  "lockfileVersion": 3,
  "requires": true,
  "packages": {
    "": {
      "name": "hello",
      "version": "1.0.0",
      "license": "ISC",
      "dependencies": {
        "satanas": "git+https://github.com/bat-briones/Learnig_rust.git"
      }
    },
    "node_modules/satanas": {
      "name": "@empresa/satanas",
      "version": "0.1.0",
      "resolved": "git+ssh://git@github.com/bat-briones/Learnig_rust.git#d056363eaffb7b36cda9d54fe9a4b4487aac5e67"
    }
  }
}
